
Microsoft Visual Studio Solution File, Format Version 12.00
# Visual Studio Version 16
VisualStudioVersion = 16.0.30803.129
MinimumVisualStudioVersion = 10.0.40219.1
Project("{F184B08F-C81C-45F6-A57F-5ABD9991F28F}") = "COUtility", "COUtility.vbproj", "{AF835DC5-7E3B-4A45-B5F0-B7B59CA3BF6F}"
EndProject
Global
	GlobalSection(SolutionConfigurationPlatforms) = preSolution
		Debug|Any CPU = Debug|Any CPU
		Release|Any CPU = Release|Any CPU
	EndGlobalSection
	GlobalSection(ProjectConfigurationPlatforms) = postSolution
		{AF835DC5-7E3B-4A45-B5F0-B7B59CA3BF6F}.Debug|Any CPU.ActiveCfg = Debug|Any CPU
		{AF835DC5-7E3B-4A45-B5F0-B7B59CA3BF6F}.Debug|Any CPU.Build.0 = Debug|Any CPU
		{AF835DC5-7E3B-4A45-B5F0-B7B59CA3BF6F}.Release|Any CPU.ActiveCfg = Release|Any CPU
		{AF835DC5-7E3B-4A45-B5F0-B7B59CA3BF6F}.Release|Any CPU.Build.0 = Release|Any CPU
	EndGlobalSection
	GlobalSection(SolutionProperties) = preSolution
		HideSolutionNode = FALSE
	EndGlobalSection
	GlobalSection(ExtensibilityGlobals) = postSolution
		SolutionGuid = {3C289874-6613-4B1F-80FD-0F5A05A8A9E8}
	EndGlobalSection
	GlobalSection(TeamFoundationVersionControl) = preSolution
		SccNumberOfProjects = 1
		SccEnterpriseProvider = {4CA58AB2-18FA-4F8D-95D4-32DDF27D184C}
		SccTeamFoundationServer = https://dev.azure.com/projectmechanics
		SccProjectUniqueName0 = COUtility.vbproj
		SccProjectName0 = .
		SccAuxPath0 = https://dev.azure.com/projectmechanics
		SccLocalPath0 = .
		SccProvider0 = {4CA58AB2-18FA-4F8D-95D4-32DDF27D184C}
	EndGlobalSection
EndGlobal
